<?xml version="1.0" encoding="utf-8"?>
<Project ToolsVersion="4.0" xmlns:atg="http://atg.xbox.com" xmlns="http://schemas.microsoft.com/developer/msbuild/2003">
  <ItemGroup>
    <Filter Include="Resource Files">
      <UniqueIdentifier>{8e114980-c1a3-4ada-ad7c-83caadf5daeb}</UniqueIdentifier>
      <Extensions>rc;ico;cur;bmp;dlg;rc2;rct;bin;rgs;gif;jpg;jpeg;jpe</Extensions>
    </Filter>
    <Filter Include="DXUT">
      <UniqueIdentifier>{a43c5c25-0e86-4a20-b64a-883785ff74fd}</UniqueIdentifier>
    </Filter>
    <Filter Include="Shaders">
      <UniqueIdentifier>{2c3d4c8c-5d1a-459a-a05a-a4e4b608a44e}</UniqueIdentifier>
      <Extensions>fx;fxh;hlsl</Extensions>
    </Filter>
    <Filter Include="ENGINE">
      <UniqueIdentifier>{66776c4d-c2e3-4702-8f8c-603a88d768ed}</UniqueIdentifier>
    </Filter>
    <Filter Include="GAME">
      <UniqueIdentifier>{594d4bb6-ade5-494f-a4f7-781d4a7f0dc9}</UniqueIdentifier>
    </Filter>
    <Filter Include="ENGINE\Director">
      <UniqueIdentifier>{c49e46af-b17b-4b6c-95ff-f06a2d7fd29b}</UniqueIdentifier>
    </Filter>
    <Filter Include="ENGINE\Scene">
      <UniqueIdentifier>{77a8afdc-ce22-4415-8a10-28c567f00d93}</UniqueIdentifier>
    </Filter>
    <Filter Include="ENGINE\Node">
      <UniqueIdentifier>{d0a24b57-b27f-44ef-bdf2-c406a3006d9a}</UniqueIdentifier>
    </Filter>
    <Filter Include="ENGINE\Sprite">
      <UniqueIdentifier>{2177ac9f-2ea6-40e0-a6f4-5510886420a3}</UniqueIdentifier>
    </Filter>
    <Filter Include="ENGINE\Font">
      <UniqueIdentifier>{7ca0f6bf-bdf9-4bfb-97f6-2e93a0356687}</UniqueIdentifier>
    </Filter>
    <Filter Include="ENGINE\Sound">
      <UniqueIdentifier>{58fdd0fe-d333-45c9-ba36-a889ee0fd9d4}</UniqueIdentifier>
    </Filter>
    <Filter Include="ENGINE\Renderer">
      <UniqueIdentifier>{380c7aaa-3721-4f1a-8f66-b94ab1889afa}</UniqueIdentifier>
    </Filter>
    <Filter Include="ENGINE\Texture">
      <UniqueIdentifier>{43e56a2e-2277-418d-bc2a-7a44e70a37e1}</UniqueIdentifier>
    </Filter>
    <Filter Include="ENGINE\Type">
      <UniqueIdentifier>{e0bcf2d4-862a-4bc9-bb7d-3a33e8542f97}</UniqueIdentifier>
    </Filter>
    <Filter Include="GAME\Scene">
      <UniqueIdentifier>{f8350001-a285-47b2-b9ef-0b20a02c16e2}</UniqueIdentifier>
    </Filter>
    <Filter Include="Characters">
      <UniqueIdentifier>{510c8b88-be26-4968-b5ba-c402693e37fa}</UniqueIdentifier>
    </Filter>
    <Filter Include="Characters\Enemy">
      <UniqueIdentifier>{d8cb67ca-7d77-4016-a45c-410c191f45c3}</UniqueIdentifier>
    </Filter>
  </ItemGroup>
  <ItemGroup>
    <None Include="DXUT\Optional\directx.ico">
      <Filter>Resource Files</Filter>
    </None>
    <ClInclude Include="DXUT\Core\DXUT.h">
      <Filter>DXUT</Filter>
    </ClInclude>
    <ClInclude Include="DXUT\Core\DXUTenum.h">
      <Filter>DXUT</Filter>
    </ClInclude>
    <ClInclude Include="DXUT\Core\DXUTmisc.h">
      <Filter>DXUT</Filter>
    </ClInclude>
    <ClCompile Include="DXUT\Core\DXUT.cpp">
      <Filter>DXUT</Filter>
    </ClCompile>
    <ClCompile Include="DXUT\Core\DXUTenum.cpp">
      <Filter>DXUT</Filter>
    </ClCompile>
    <ClCompile Include="DXUT\Core\DXUTmisc.cpp">
      <Filter>DXUT</Filter>
    </ClCompile>
    <ClInclude Include="DXUT\Optional\DXUTcamera.h">
      <Filter>DXUT</Filter>
    </ClInclude>
    <ClInclude Include="DXUT\Optional\DXUTgui.h">
      <Filter>DXUT</Filter>
    </ClInclude>
    <ClInclude Include="DXUT\Optional\DXUTres.h">
      <Filter>DXUT</Filter>
    </ClInclude>
    <ClInclude Include="DXUT\Optional\DXUTsettingsdlg.h">
      <Filter>DXUT</Filter>
    </ClInclude>
    <ClInclude Include="DXUT\Optional\SDKmesh.h">
      <Filter>DXUT</Filter>
    </ClInclude>
    <ClInclude Include="DXUT\Optional\SDKmisc.h">
      <Filter>DXUT</Filter>
    </ClInclude>
    <ClCompile Include="DXUT\Optional\DXUTcamera.cpp">
      <Filter>DXUT</Filter>
    </ClCompile>
    <ClCompile Include="DXUT\Optional\DXUTgui.cpp">
      <Filter>DXUT</Filter>
    </ClCompile>
    <ClCompile Include="DXUT\Optional\DXUTres.cpp">
      <Filter>DXUT</Filter>
    </ClCompile>
    <ClCompile Include="DXUT\Optional\DXUTsettingsdlg.cpp">
      <Filter>DXUT</Filter>
    </ClCompile>
    <ClCompile Include="DXUT\Optional\SDKmesh.cpp">
      <Filter>DXUT</Filter>
    </ClCompile>
    <ClCompile Include="DXUT\Optional\SDKmisc.cpp">
      <Filter>DXUT</Filter>
    </ClCompile>
  </ItemGroup>
  <ItemGroup>
    <ClCompile Include="Seoul_Homework.cpp" />
    <ClCompile Include="Scene.cpp">
      <Filter>ENGINE\Scene</Filter>
    </ClCompile>
    <ClCompile Include="Type.cpp">
      <Filter>ENGINE\Type</Filter>
    </ClCompile>
    <ClCompile Include="Director.cpp">
      <Filter>ENGINE\Director</Filter>
    </ClCompile>
    <ClCompile Include="MainScene.cpp">
      <Filter>GAME\Scene</Filter>
    </ClCompile>
    <ClCompile Include="Node.cpp">
      <Filter>ENGINE\Node</Filter>
    </ClCompile>
    <ClCompile Include="Texture.cpp">
      <Filter>ENGINE\Texture</Filter>
    </ClCompile>
    <ClCompile Include="Renderer.cpp">
      <Filter>ENGINE\Renderer</Filter>
    </ClCompile>
    <ClCompile Include="Sprite.cpp">
      <Filter>ENGINE\Sprite</Filter>
    </ClCompile>
    <ClCompile Include="Font.cpp">
      <Filter>ENGINE\Font</Filter>
    </ClCompile>
    <ClCompile Include="Bullet.cpp">
      <Filter>Characters</Filter>
    </ClCompile>
    <ClCompile Include="Hero.cpp">
      <Filter>Characters</Filter>
    </ClCompile>
    <ClCompile Include="EndScene.cpp">
      <Filter>GAME\Scene</Filter>
    </ClCompile>
    <ClCompile Include="Health.cpp">
      <Filter>Characters</Filter>
    </ClCompile>
    <ClCompile Include="Enemy.cpp">
      <Filter>Characters\Enemy</Filter>
    </ClCompile>
    <ClCompile Include="NewDude.cpp">
      <Filter>Characters\Enemy</Filter>
    </ClCompile>
    <ClCompile Include="Mover.cpp" />
    <ClCompile Include="NewBullet.cpp" />
    <ClCompile Include="BackGround.cpp" />
    <ClCompile Include="Item.cpp" />
  </ItemGroup>
  <ItemGroup>
    <CLInclude Include="resource.h">
      <Filter>Resource Files</Filter>
    </CLInclude>
    <ResourceCompile Include="Seoul_Homework.rc">
      <Filter>Resource Files</Filter>
    </ResourceCompile>
    <ClInclude Include="Scene.h">
      <Filter>ENGINE\Scene</Filter>
    </ClInclude>
    <ClInclude Include="Type.h">
      <Filter>ENGINE\Type</Filter>
    </ClInclude>
    <ClInclude Include="Director.h">
      <Filter>ENGINE\Director</Filter>
    </ClInclude>
    <ClInclude Include="MainScene.h">
      <Filter>GAME\Scene</Filter>
    </ClInclude>
    <ClInclude Include="Node.h">
      <Filter>ENGINE\Node</Filter>
    </ClInclude>
    <ClInclude Include="Texture.h">
      <Filter>ENGINE\Texture</Filter>
    </ClInclude>
    <ClInclude Include="Renderer.h">
      <Filter>ENGINE\Renderer</Filter>
    </ClInclude>
    <ClInclude Include="Sprite.h">
      <Filter>ENGINE\Sprite</Filter>
    </ClInclude>
    <ClInclude Include="Font.h">
      <Filter>ENGINE\Font</Filter>
    </ClInclude>
    <ClInclude Include="Bullet.h">
      <Filter>Characters</Filter>
    </ClInclude>
    <ClInclude Include="Hero.h">
      <Filter>Characters</Filter>
    </ClInclude>
    <ClInclude Include="EndScene.h">
      <Filter>GAME\Scene</Filter>
    </ClInclude>
    <ClInclude Include="Health.h">
      <Filter>Characters</Filter>
    </ClInclude>
    <ClInclude Include="Enemy.h">
      <Filter>Characters\Enemy</Filter>
    </ClInclude>
    <ClInclude Include="NewDude.h">
      <Filter>Characters\Enemy</Filter>
    </ClInclude>
    <ClInclude Include="Mover.h" />
    <ClInclude Include="NewBullet.h" />
    <ClInclude Include="BackGround.h" />
    <ClInclude Include="Item.h" />
  </ItemGroup>
  <ItemGroup>
  </ItemGroup>
</Project>